
Microsoft Visual Studio Solution File, Format Version 12.00
# Visual Studio Version 17
VisualStudioVersion = 17.3.32825.248
MinimumVisualStudioVersion = 10.0.40219.1
Project("{2150E333-8FDC-42A3-9474-1A3956D46DE8}") = "Tests", "Tests", "{469A6580-188D-4BC3-8D99-DE3CF439193B}"
EndProject
Project("{2150E333-8FDC-42A3-9474-1A3956D46DE8}") = "Modules", "Modules", "{AE418855-2018-439D-8143-B00D59FB1E8E}"
EndProject
Project("{2150E333-8FDC-42A3-9474-1A3956D46DE8}") = "Services", "Services", "{896B72BD-53C0-4EB4-9A46-4CC85BA0EABF}"
EndProject
Project("{9A19103F-16F7-4668-BE54-9A1E7A4F7556}") = "CodeGeneratorApp.Services", "CodeGeneratorApp\Services\CodeGeneratorApp.Services\CodeGeneratorApp.Services.csproj", "{DA37FBCB-4232-447E-84B0-9234BA2F8ABE}"
EndProject
Project("{9A19103F-16F7-4668-BE54-9A1E7A4F7556}") = "CodeGeneratorApp.Services.Interfaces", "CodeGeneratorApp\Services\CodeGeneratorApp.Services.Interfaces\CodeGeneratorApp.Services.Interfaces.csproj", "{10570F1D-A261-40F2-AD13-C5908823FCAA}"
EndProject
Project("{9A19103F-16F7-4668-BE54-9A1E7A4F7556}") = "CodeGeneratorApp", "CodeGeneratorApp\CodeGeneratorApp\CodeGeneratorApp.csproj", "{F4A0F1B9-8E36-4534-AC05-15FCC4ED6C7D}"
EndProject
Project("{9A19103F-16F7-4668-BE54-9A1E7A4F7556}") = "CodeGeneratorApp.Core", "CodeGeneratorApp\CodeGeneratorApp.Core\CodeGeneratorApp.Core.csproj", "{F7525FFA-7511-43A2-893E-FCBA9279B9CC}"
EndProject
Project("{9A19103F-16F7-4668-BE54-9A1E7A4F7556}") = "CodeGeneratorApp.Modules.EntityGenerate", "CodeGeneratorApp\Modules\CodeGeneratorApp.Modules.EntityGenerate\CodeGeneratorApp.Modules.EntityGenerate.csproj", "{C9BFA973-CD38-437A-8003-09F85181E64B}"
EndProject
Project("{FAE04EC0-301F-11D3-BF4B-00C04F79EFBC}") = "CodeGeneratorApp.Modules.ReactGenerate", "CodeGeneratorApp\Modules\CodeGeneratorApp.Modules.ReactGenerate\CodeGeneratorApp.Modules.ReactGenerate.csproj", "{76FA8948-D983-4432-A498-E2552ABE4686}"
EndProject
Global
	GlobalSection(SolutionConfigurationPlatforms) = preSolution
		Debug|Any CPU = Debug|Any CPU
		Release|Any CPU = Release|Any CPU
	EndGlobalSection
	GlobalSection(ProjectConfigurationPlatforms) = postSolution
		{DA37FBCB-4232-447E-84B0-9234BA2F8ABE}.Debug|Any CPU.ActiveCfg = Debug|Any CPU
		{DA37FBCB-4232-447E-84B0-9234BA2F8ABE}.Debug|Any CPU.Build.0 = Debug|Any CPU
		{DA37FBCB-4232-447E-84B0-9234BA2F8ABE}.Release|Any CPU.ActiveCfg = Release|Any CPU
		{DA37FBCB-4232-447E-84B0-9234BA2F8ABE}.Release|Any CPU.Build.0 = Release|Any CPU
		{10570F1D-A261-40F2-AD13-C5908823FCAA}.Debug|Any CPU.ActiveCfg = Debug|Any CPU
		{10570F1D-A261-40F2-AD13-C5908823FCAA}.Debug|Any CPU.Build.0 = Debug|Any CPU
		{10570F1D-A261-40F2-AD13-C5908823FCAA}.Release|Any CPU.ActiveCfg = Release|Any CPU
		{10570F1D-A261-40F2-AD13-C5908823FCAA}.Release|Any CPU.Build.0 = Release|Any CPU
		{F4A0F1B9-8E36-4534-AC05-15FCC4ED6C7D}.Debug|Any CPU.ActiveCfg = Debug|Any CPU
		{F4A0F1B9-8E36-4534-AC05-15FCC4ED6C7D}.Debug|Any CPU.Build.0 = Debug|Any CPU
		{F4A0F1B9-8E36-4534-AC05-15FCC4ED6C7D}.Release|Any CPU.ActiveCfg = Release|Any CPU
		{F4A0F1B9-8E36-4534-AC05-15FCC4ED6C7D}.Release|Any CPU.Build.0 = Release|Any CPU
		{F7525FFA-7511-43A2-893E-FCBA9279B9CC}.Debug|Any CPU.ActiveCfg = Debug|Any CPU
		{F7525FFA-7511-43A2-893E-FCBA9279B9CC}.Debug|Any CPU.Build.0 = Debug|Any CPU
		{F7525FFA-7511-43A2-893E-FCBA9279B9CC}.Release|Any CPU.ActiveCfg = Release|Any CPU
		{F7525FFA-7511-43A2-893E-FCBA9279B9CC}.Release|Any CPU.Build.0 = Release|Any CPU
		{C9BFA973-CD38-437A-8003-09F85181E64B}.Debug|Any CPU.ActiveCfg = Debug|Any CPU
		{C9BFA973-CD38-437A-8003-09F85181E64B}.Debug|Any CPU.Build.0 = Debug|Any CPU
		{C9BFA973-CD38-437A-8003-09F85181E64B}.Release|Any CPU.ActiveCfg = Release|Any CPU
		{C9BFA973-CD38-437A-8003-09F85181E64B}.Release|Any CPU.Build.0 = Release|Any CPU
		{76FA8948-D983-4432-A498-E2552ABE4686}.Debug|Any CPU.ActiveCfg = Debug|Any CPU
		{76FA8948-D983-4432-A498-E2552ABE4686}.Debug|Any CPU.Build.0 = Debug|Any CPU
		{76FA8948-D983-4432-A498-E2552ABE4686}.Release|Any CPU.ActiveCfg = Release|Any CPU
		{76FA8948-D983-4432-A498-E2552ABE4686}.Release|Any CPU.Build.0 = Release|Any CPU
	EndGlobalSection
	GlobalSection(SolutionProperties) = preSolution
		HideSolutionNode = FALSE
	EndGlobalSection
	GlobalSection(NestedProjects) = preSolution
		{DA37FBCB-4232-447E-84B0-9234BA2F8ABE} = {896B72BD-53C0-4EB4-9A46-4CC85BA0EABF}
		{10570F1D-A261-40F2-AD13-C5908823FCAA} = {896B72BD-53C0-4EB4-9A46-4CC85BA0EABF}
		{C9BFA973-CD38-437A-8003-09F85181E64B} = {AE418855-2018-439D-8143-B00D59FB1E8E}
		{76FA8948-D983-4432-A498-E2552ABE4686} = {AE418855-2018-439D-8143-B00D59FB1E8E}
	EndGlobalSection
	GlobalSection(ExtensibilityGlobals) = postSolution
		SolutionGuid = {9BFE337A-4008-446D-962A-7F28EFEAFCCA}
	EndGlobalSection
EndGlobal
